{
  "schema": "synthran/dependencies/v1alpha1",
  "resolved_at_utc": "2026-08-22T01:40:00Z",
  "git": {
    "fiveg_ansible": {
      "url": "https://github.com/sopnode/5g_ansible.git",
      "commit": "a0149fc0dde39e2872945a0f3c91e804ece52d4f",
      "checkout": "5g_ansible",
      "sync": true,
      "role": "network deployment adapter target",
      "license": "NOASSERTION"
    },
    "contiki_ng": {
      "url": "https://github.com/contiki-ng/contiki-ng.git",
      "commit": "2b87baf3ebdde3c8e37ca791d2bc84bfd76c49a4",
      "source_ref": "release/v5.1",
      "checkout": "contiki-ng",
      "sync": true,
      "role": "IoT firmware and Cooja simulation base",
      "license": "BSD-3-Clause"
    },
    "open5gs_k8s": {
      "url": "https://github.com/sopnode/open5gs-k8s.git",
      "commit": "e53601e5209425867413d45d3d01ed9a1b696de7",
      "source_ref": "develop",
      "checkout": "open5gs-k8s",
      "sync": false,
      "role": "transitive 5g_ansible Open5GS deployment",
      "license": "MIT",
      "ansible_variable": "repo_branch"
    },
    "srsran_helm": {
      "url": "https://github.com/turletti/srsran-helm.git",
      "commit": "8dfb9890d127734cdcd6eee9df8c5d09b1a8076a",
      "source_ref": "csi",
      "checkout": "srsran-helm",
      "sync": false,
      "role": "transitive 5g_ansible srsRAN deployment",
      "license": "NOASSERTION",
      "ansible_variable": "version"
    }
  },
  "containers": {
    "mosquitto": {
      "image": "eclipse-mosquitto",
      "tag": "2.1.2-alpine",
      "digest": "sha256:6f8d8a947c506f8a2290ec65cd4bd2bc7cb4d43fb5f6271f861cb013e2ef9797",
      "license": "EPL-2.0 OR EDL-1.0"
    },
    "open5gs": {
      "image": "ghcr.io/niloysh/open5gs",
      "tag": "v2.7.0",
      "digest": "sha256:eb8b23589c724ba2e18b783c544dbcd56f02da29f818d4cf1974853b53aee329",
      "platform": "linux/amd64",
      "role": "Golden path Open5GS network functions",
      "license": "NOASSERTION"
    },
    "open5gs_smf": {
      "image": "ghcr.io/niloysh/open5gs",
      "tag": "v2.7.0",
      "digest": "sha256:eb8b23589c724ba2e18b783c544dbcd56f02da29f818d4cf1974853b53aee329",
      "platform": "linux/amd64",
      "role": "Golden path Open5GS slice-one SMF",
      "license": "NOASSERTION"
    },
    "open5gs_mongodb": {
      "image": "docker.io/r2labuser/mongodb",
      "tag": "4.4.4-debian-10-r0",
      "digest": "sha256:95abfb776bb4e6ee34f7b5b1c811f978d132136035deacdb7143f798f0343a31",
      "platform": "linux/amd64",
      "role": "Golden path Open5GS subscriber database",
      "license": "NOASSERTION"
    },
    "open5gs_amf": {
      "image": "docker.io/r2labuser/open5gs-amf-patched",
      "tag": "v2.7.0",
      "digest": "sha256:13818df32958781f910a61a20df8b3c856ae5ef33d941517b959885182bd4295",
      "platform": "linux/amd64",
      "role": "Golden path patched Open5GS AMF",
      "license": "NOASSERTION"
    },
    "srsran_gnb": {
      "image": "docker.io/r2labuser/srsran-gnb-zmq-csi",
      "tag": "v1.0.0.21",
      "digest": "sha256:89ceaebc6adddb9900b3cae01316fadea8660aeff6ce60e1b335ba0a9d0ff9cd",
      "platform": "linux/amd64",
      "role": "Golden path srsRAN RFSIM gNB",
      "license": "NOASSERTION"
    },
    "srsran_gnb_physical": {
      "image": "docker.io/r2labuser/srsran-gnb-uhd-csi",
      "tag": "v1.0.0.21",
      "digest": "sha256:7c3bd04fca5e241e9e245c52cc5882bb47c522a55c32b5ed1b9a1ed8fc56a7f2",
      "platform": "linux/amd64",
      "role": "Physical R2Lab N300 srsRAN gNB",
      "license": "NOASSERTION"
    },
    "srsran_ue": {
      "image": "ghcr.io/ziyad-mabrouk/srsue",
      "tag": "v1.0",
      "digest": "sha256:c1c9eb2119e48d1f5f9120c71cd539c606fca6c242a2e430409269c121610bb2",
      "platform": "linux/amd64",
      "role": "Golden path srsUE edge gateway",
      "license": "NOASSERTION"
    },
    "busybox_1_32": {
      "image": "docker.io/library/busybox",
      "tag": "1.32.0",
      "digest": "sha256:31a54a0cf86d7354788a8265f60ae6acb4b348a67efbcf7c1007dd3cf7af05ab",
      "platform": "linux/amd64",
      "role": "Golden path Open5GS readiness helper",
      "license": "GPL-2.0-only"
    },
    "busybox_1_36": {
      "image": "docker.io/library/busybox",
      "tag": "1.36",
      "digest": "sha256:b7f3d86d6e84fc17718c48bcde1450807faa2d56704205c697b4bd5df7b9e29f",
      "platform": "linux/amd64",
      "role": "Golden path DNS and gNB-log helper",
      "license": "GPL-2.0-only"
    }
  },
  "ansible_collections": {
    "kubernetes_core": {
      "name": "kubernetes.core",
      "version": "6.5.0",
      "source": "https://galaxy.ansible.com",
      "role": "Golden path Kubernetes and Helm modules",
      "license": "GPL-3.0-or-later"
    },
    "community_general": {
      "name": "community.general",
      "version": "13.0.1",
      "source": "https://galaxy.ansible.com",
      "role": "Kernel module management required by locked upstream preparation",
      "license": "GPL-3.0-or-later"
    },
    "ansible_posix": {
      "name": "ansible.posix",
      "version": "2.2.2",
      "source": "https://galaxy.ansible.com",
      "role": "Mount management required by locked upstream preparation",
      "license": "GPL-3.0-or-later"
    }
  },
  "tools": {
    "yq_linux_amd64": {
      "version": "4.45.1",
      "sha256": "sha256:654d2943ca1d3be2024089eb4f270f4070f491a0610481d128509b2834870049",
      "url": "https://github.com/mikefarah/yq/releases/download/v4.45.1/yq_linux_amd64",
      "path": "/usr/local/bin/yq",
      "role": "Golden path locked Helm values transformation",
      "license": "MIT"
    },
    "helm_linux_amd64": {
      "version": "3.18.4",
      "sha256": "sha256:f8180838c23d7c7d797b208861fecb591d9ce1690d8704ed1e4cb8e2add966c1",
      "url": "https://get.helm.sh/helm-v3.18.4-linux-amd64.tar.gz",
      "path": "/usr/local/bin/helm",
      "role": "Golden path Kubernetes package deployment",
      "license": "Apache-2.0"
    },
    "iperf3_linux_amd64_source": {
      "version": "3.21",
      "sha256": "sha256:656e4405ebd620121de7ceca3eaf43a88f79ea1b857d041a6a0b1314801acdd8",
      "url": "https://downloads.es.net/pub/iperf/iperf-3.21.tar.gz",
      "path": "/tmp/synthran-tools/iperf-3.21/bin/iperf3",
      "platform": "linux/amd64",
      "role": "Source-locked static iperf3 for reproducible research load generation",
      "license": "BSD-3-Clause"
    }
  },
  "remote_python": {
    "packages": {
      "dnspython": "2.3.0",
      "kubernetes": "32.0.1",
      "pymongo": "4.5.0",
      "python-dateutil": "2.8.2",
      "ruamel.yaml": "0.18.5",
      "six": "1.16.0"
    }
  },
  "resource_bootstrap": {
    "status": "ready",
    "reason": "The operator accepted the experimental use of mutable upstream apt, chart, manifest, and installer transitives; live preparation is enabled only through the guarded Linux SLICES controller path."
  },
  "conda": {
    "environment_name": "synthran",
    "platform": "linux-64",
    "channels": [
      "conda-forge",
      "nodefaults"
    ],
    "installer": {
      "distribution": "Miniforge3",
      "version": "26.3.2-2",
      "linux_x86_64_sha256": "sha256:42260ffe3830fb953d5eee1bbb32229ff06aa7c3833c1ed7a9a0420a95685d94",
      "license": "BSD-3-Clause"
    },
    "packages": {
      "python": {
        "version": "3.12.13",
        "role": "runtime",
        "license": "PSF-2.0"
      },
      "nodejs": {
        "version": "22.21.1",
        "role": "Ink workbench runtime and package tooling",
        "license": "MIT"
      },
      "git": {
        "version": "2.51.0",
        "role": "dependency synchronization and repository hooks",
        "license": "GPL-2.0-only"
      },
      "setuptools": {
        "version": "83.0.0",
        "role": "Python build backend",
        "license": "MIT"
      },
      "paho-mqtt": {
        "version": "2.1.0",
        "role": "dataset collector MQTT client",
        "license": "EPL-2.0 OR EDL-1.0"
      },
      "pyarrow": {
        "version": "21.0.0",
        "role": "deterministic JSONL-to-Parquet conversion",
        "license": "Apache-2.0"
      },
      "ansible-core": {
        "version": "2.20.5",
        "role": "Golden path controller and isolated wrapper execution",
        "license": "GPL-3.0-or-later"
      },
      "openjdk": {
        "version": "21.0.9",
        "role": "Java runtime required by Cooja",
        "license": "GPL-2.0-with-classpath-exception"
      },
      "prompt-toolkit": {
        "version": "3.0.52",
        "role": "interactive terminal input, completion, and history",
        "license": "BSD-3-Clause"
      }
    },
    "lock_status": "direct-versions-only"
  },
  "github_actions": {
    "actions_checkout": {
      "repository": "actions/checkout",
      "source_ref": "v6",
      "commit": "d23441a48e516b6c34aea4fa41551a30e30af803",
      "license": "MIT"
    },
    "setup_miniconda": {
      "repository": "conda-incubator/setup-miniconda",
      "source_ref": "v4",
      "commit": "8ee1f361103df19b6f8c8655fd3967a8ecb162d5",
      "license": "BSD-3-Clause"
    },
    "gitleaks_action": {
      "repository": "gitleaks/gitleaks-action",
      "source_ref": "v3",
      "commit": "e0c47f4f8be36e29cdc102c57e68cb5cbf0e8d1e",
      "license": "MIT"
    }
  }
}