{
  "schema": "synthran/dependencies/v1alpha1",
  "resolved_at_utc": "2026-09-01T06:15:23Z",
  "git": {
    "fiveg_ansible": {
      "url": "https://github.com/RA-Nayreed/5g-Ansible.git",
      "commit": "44dc1788b6a32fb1546c0368568b4f66cc43c318",
      "checkout": "5g_ansible-r2lab",
      "sync": true,
      "role": "network and provider deployment authority",
      "license": "NOASSERTION"
    },
    "amber": {
      "url": "https://github.com/RA-Nayreed/Amber.git",
      "commit": "08dd6bd445e607ad3accf4e9a2dff51a499ebdf9",
      "checkout": "amber",
      "sync": true,
      "role": "Ambient IoT discrete-event source model",
      "license": "BSD-3-Clause"
    }
  },
  "containers": {
    "mosquitto": {
      "image": "eclipse-mosquitto",
      "tag": "2.1.2-alpine",
      "digest": "sha256:6f8d8a947c506f8a2290ec65cd4bd2bc7cb4d43fb5f6271f861cb013e2ef9797",
      "license": "EPL-2.0 OR EDL-1.0"
    }
  },
  "tools": {
    "iperf3_linux_amd64_source": {
      "version": "3.21",
      "sha256": "sha256:656e4405ebd620121de7ceca3eaf43a88f79ea1b857d041a6a0b1314801acdd8",
      "url": "https://downloads.es.net/pub/iperf/iperf-3.21.tar.gz",
      "path": "/tmp/synthran-tools/iperf-3.21/bin/iperf3",
      "platform": "linux/amd64",
      "role": "Source-locked static iperf3 for reproducible research load generation",
      "license": "BSD-3-Clause"
    }
  },
  "conda": {
    "environment_name": "synthran",
    "platform": "linux-64",
    "channels": [
      "conda-forge",
      "nodefaults"
    ],
    "installer": {
      "distribution": "Miniforge3",
      "version": "26.3.2-2",
      "linux_x86_64_sha256": "sha256:42260ffe3830fb953d5eee1bbb32229ff06aa7c3833c1ed7a9a0420a95685d94",
      "license": "BSD-3-Clause"
    },
    "packages": {
      "python": {
        "version": "3.12.13",
        "role": "runtime",
        "license": "PSF-2.0"
      },
      "git": {
        "version": "2.51.0",
        "role": "dependency synchronization and repository hooks",
        "license": "GPL-2.0-only"
      },
      "setuptools": {
        "version": "83.0.0",
        "role": "Python build backend",
        "license": "MIT"
      },
      "paho-mqtt": {
        "version": "2.1.0",
        "role": "dataset collector MQTT client",
        "license": "EPL-2.0 OR EDL-1.0"
      },
      "pyarrow": {
        "version": "21.0.0",
        "role": "deterministic JSONL-to-Parquet conversion",
        "license": "Apache-2.0"
      },
      "ansible-core": {
        "version": "2.20.5",
        "role": "5g-Ansible machine runtime invoked by SynthRAN",
        "license": "GPL-3.0-or-later"
      },
      "simpy": {
        "version": "4.1.1",
        "role": "Amber discrete-event simulation runtime",
        "license": "MIT"
      },
      "numpy": {
        "version": "2.3.2",
        "role": "Amber numerical runtime",
        "license": "BSD-3-Clause"
      },
      "pandas": {
        "version": "2.3.2",
        "role": "Amber trace and result processing",
        "license": "BSD-3-Clause"
      },
      "matplotlib": {
        "version": "3.10.5",
        "role": "Amber optional plotting dependency required by upstream imports",
        "license": "PSF-2.0"
      },
      "openpyxl": {
        "version": "3.1.5",
        "role": "Amber energy-trace workbook reader",
        "license": "MIT"
      }
    },
    "lock_status": "direct-versions-only"
  },
  "github_actions": {
    "actions_checkout": {
      "repository": "actions/checkout",
      "source_ref": "v6",
      "commit": "d23441a48e516b6c34aea4fa41551a30e30af803",
      "license": "MIT"
    },
    "setup_miniconda": {
      "repository": "conda-incubator/setup-miniconda",
      "source_ref": "v4",
      "commit": "8ee1f361103df19b6f8c8655fd3967a8ecb162d5",
      "license": "BSD-3-Clause"
    },
    "gitleaks_action": {
      "repository": "gitleaks/gitleaks-action",
      "source_ref": "v3",
      "commit": "e0c47f4f8be36e29cdc102c57e68cb5cbf0e8d1e",
      "license": "MIT"
    }
  }
}
